
Microsoft Visual Studio Solution File, Format Version 12.00
# Visual Studio Version 16
VisualStudioVersion = 16.0.30114.105
MinimumVisualStudioVersion = 10.0.40219.1
Project("{FAE04EC0-301F-11D3-BF4B-00C04F79EFBC}") = "BlazorApp.Mac", "BlazorApp.Mac\BlazorApp.Mac.csproj", "{24B7B3C4-958A-4559-BF5E-3E7FE6604EC9}"
EndProject
Project("{9A19103F-16F7-4668-BE54-9A1E7A4F7556}") = "BlazorWebView", "BlazorWebView\BlazorWebView.csproj", "{6739864C-97D3-47B9-ACD9-4563AE02D398}"
EndProject
Project("{9A19103F-16F7-4668-BE54-9A1E7A4F7556}") = "BlazorWebView.Mac", "BlazorWebView.Mac\BlazorWebView.Mac.csproj", "{E02A0856-CCF1-4AAE-B3CC-9B7B273AC6B2}"
EndProject
Project("{9A19103F-16F7-4668-BE54-9A1E7A4F7556}") = "BlazorApp", "BlazorApp\BlazorApp.csproj", "{6D1CDDFD-B876-480B-A714-679B62A56FF2}"
EndProject
Project("{9A19103F-16F7-4668-BE54-9A1E7A4F7556}") = "BlazorWebView.JS", "BlazorWebView.JS\BlazorWebView.JS.csproj", "{3077E624-FBDB-42AB-AB47-360FC0097BE1}"
EndProject
Project("{9A19103F-16F7-4668-BE54-9A1E7A4F7556}") = "BlazorApp.CefSharp", "BlazorApp.CefSharp\BlazorApp.CefSharp.csproj", "{16C0BCAF-1375-419F-BF10-1EEFB8E4EA46}"
EndProject
Global
	GlobalSection(SolutionConfigurationPlatforms) = preSolution
		Debug|Any CPU = Debug|Any CPU
		Debug|x86 = Debug|x86
		Release|Any CPU = Release|Any CPU
		Release|x86 = Release|x86
	EndGlobalSection
	GlobalSection(ProjectConfigurationPlatforms) = postSolution
		{24B7B3C4-958A-4559-BF5E-3E7FE6604EC9}.Debug|Any CPU.ActiveCfg = Debug|Any CPU
		{24B7B3C4-958A-4559-BF5E-3E7FE6604EC9}.Debug|Any CPU.Build.0 = Debug|Any CPU
		{24B7B3C4-958A-4559-BF5E-3E7FE6604EC9}.Debug|x86.ActiveCfg = Debug|Any CPU
		{24B7B3C4-958A-4559-BF5E-3E7FE6604EC9}.Debug|x86.Build.0 = Debug|Any CPU
		{24B7B3C4-958A-4559-BF5E-3E7FE6604EC9}.Release|Any CPU.ActiveCfg = Release|Any CPU
		{24B7B3C4-958A-4559-BF5E-3E7FE6604EC9}.Release|Any CPU.Build.0 = Release|Any CPU
		{24B7B3C4-958A-4559-BF5E-3E7FE6604EC9}.Release|x86.ActiveCfg = Release|Any CPU
		{24B7B3C4-958A-4559-BF5E-3E7FE6604EC9}.Release|x86.Build.0 = Release|Any CPU
		{6739864C-97D3-47B9-ACD9-4563AE02D398}.Debug|Any CPU.ActiveCfg = Debug|Any CPU
		{6739864C-97D3-47B9-ACD9-4563AE02D398}.Debug|Any CPU.Build.0 = Debug|Any CPU
		{6739864C-97D3-47B9-ACD9-4563AE02D398}.Debug|x86.ActiveCfg = Debug|Any CPU
		{6739864C-97D3-47B9-ACD9-4563AE02D398}.Debug|x86.Build.0 = Debug|Any CPU
		{6739864C-97D3-47B9-ACD9-4563AE02D398}.Release|Any CPU.ActiveCfg = Release|Any CPU
		{6739864C-97D3-47B9-ACD9-4563AE02D398}.Release|Any CPU.Build.0 = Release|Any CPU
		{6739864C-97D3-47B9-ACD9-4563AE02D398}.Release|x86.ActiveCfg = Release|Any CPU
		{6739864C-97D3-47B9-ACD9-4563AE02D398}.Release|x86.Build.0 = Release|Any CPU
		{E02A0856-CCF1-4AAE-B3CC-9B7B273AC6B2}.Debug|Any CPU.ActiveCfg = Debug|Any CPU
		{E02A0856-CCF1-4AAE-B3CC-9B7B273AC6B2}.Debug|Any CPU.Build.0 = Debug|Any CPU
		{E02A0856-CCF1-4AAE-B3CC-9B7B273AC6B2}.Debug|x86.ActiveCfg = Debug|Any CPU
		{E02A0856-CCF1-4AAE-B3CC-9B7B273AC6B2}.Debug|x86.Build.0 = Debug|Any CPU
		{E02A0856-CCF1-4AAE-B3CC-9B7B273AC6B2}.Release|Any CPU.ActiveCfg = Release|Any CPU
		{E02A0856-CCF1-4AAE-B3CC-9B7B273AC6B2}.Release|Any CPU.Build.0 = Release|Any CPU
		{E02A0856-CCF1-4AAE-B3CC-9B7B273AC6B2}.Release|x86.ActiveCfg = Release|Any CPU
		{E02A0856-CCF1-4AAE-B3CC-9B7B273AC6B2}.Release|x86.Build.0 = Release|Any CPU
		{6D1CDDFD-B876-480B-A714-679B62A56FF2}.Debug|Any CPU.ActiveCfg = Debug|Any CPU
		{6D1CDDFD-B876-480B-A714-679B62A56FF2}.Debug|Any CPU.Build.0 = Debug|Any CPU
		{6D1CDDFD-B876-480B-A714-679B62A56FF2}.Debug|x86.ActiveCfg = Debug|Any CPU
		{6D1CDDFD-B876-480B-A714-679B62A56FF2}.Debug|x86.Build.0 = Debug|Any CPU
		{6D1CDDFD-B876-480B-A714-679B62A56FF2}.Release|Any CPU.ActiveCfg = Release|Any CPU
		{6D1CDDFD-B876-480B-A714-679B62A56FF2}.Release|Any CPU.Build.0 = Release|Any CPU
		{6D1CDDFD-B876-480B-A714-679B62A56FF2}.Release|x86.ActiveCfg = Release|Any CPU
		{6D1CDDFD-B876-480B-A714-679B62A56FF2}.Release|x86.Build.0 = Release|Any CPU
		{3077E624-FBDB-42AB-AB47-360FC0097BE1}.Debug|Any CPU.ActiveCfg = Debug|Any CPU
		{3077E624-FBDB-42AB-AB47-360FC0097BE1}.Debug|Any CPU.Build.0 = Debug|Any CPU
		{3077E624-FBDB-42AB-AB47-360FC0097BE1}.Debug|x86.ActiveCfg = Debug|Any CPU
		{3077E624-FBDB-42AB-AB47-360FC0097BE1}.Debug|x86.Build.0 = Debug|Any CPU
		{3077E624-FBDB-42AB-AB47-360FC0097BE1}.Release|Any CPU.ActiveCfg = Release|Any CPU
		{3077E624-FBDB-42AB-AB47-360FC0097BE1}.Release|Any CPU.Build.0 = Release|Any CPU
		{3077E624-FBDB-42AB-AB47-360FC0097BE1}.Release|x86.ActiveCfg = Release|Any CPU
		{3077E624-FBDB-42AB-AB47-360FC0097BE1}.Release|x86.Build.0 = Release|Any CPU
		{16C0BCAF-1375-419F-BF10-1EEFB8E4EA46}.Debug|Any CPU.ActiveCfg = Debug|Any CPU
		{16C0BCAF-1375-419F-BF10-1EEFB8E4EA46}.Debug|Any CPU.Build.0 = Debug|Any CPU
		{16C0BCAF-1375-419F-BF10-1EEFB8E4EA46}.Debug|x86.ActiveCfg = Debug|Any CPU
		{16C0BCAF-1375-419F-BF10-1EEFB8E4EA46}.Debug|x86.Build.0 = Debug|Any CPU
		{16C0BCAF-1375-419F-BF10-1EEFB8E4EA46}.Release|Any CPU.ActiveCfg = Release|Any CPU
		{16C0BCAF-1375-419F-BF10-1EEFB8E4EA46}.Release|Any CPU.Build.0 = Release|Any CPU
		{16C0BCAF-1375-419F-BF10-1EEFB8E4EA46}.Release|x86.ActiveCfg = Release|Any CPU
		{16C0BCAF-1375-419F-BF10-1EEFB8E4EA46}.Release|x86.Build.0 = Release|Any CPU
	EndGlobalSection
	GlobalSection(SolutionProperties) = preSolution
		HideSolutionNode = FALSE
	EndGlobalSection
	GlobalSection(ExtensibilityGlobals) = postSolution
		SolutionGuid = {620FF1F7-5F3B-4CA9-82BF-BC36A2EF052D}
	EndGlobalSection
EndGlobal
